
Microsoft Visual Studio Solution File, Format Version 12.00
Project("{FAE04EC0-301F-11D3-BF4B-00C04F79EFBC}") = "fizz-buzz", "fizz-buzz.csproj", "{23CF8E3D-1AAA-4610-AE3C-D76F17BD34F5}"
EndProject
Project("{2150E333-8FDC-42A3-9474-1A3956D46DE8}") = "Solution Items", "Solution Items", "{7D3A3E00-0573-4C08-BE60-D593336E6604}"
	ProjectSection(SolutionItems) = preProject
		compose.yaml = compose.yaml
	EndProjectSection
EndProject
Global
	GlobalSection(SolutionConfigurationPlatforms) = preSolution
		Debug|Any CPU = Debug|Any CPU
		Release|Any CPU = Release|Any CPU
	EndGlobalSection
	GlobalSection(ProjectConfigurationPlatforms) = postSolution
		{23CF8E3D-1AAA-4610-AE3C-D76F17BD34F5}.Debug|Any CPU.ActiveCfg = Debug|Any CPU
		{23CF8E3D-1AAA-4610-AE3C-D76F17BD34F5}.Debug|Any CPU.Build.0 = Debug|Any CPU
		{23CF8E3D-1AAA-4610-AE3C-D76F17BD34F5}.Release|Any CPU.ActiveCfg = Release|Any CPU
		{23CF8E3D-1AAA-4610-AE3C-D76F17BD34F5}.Release|Any CPU.Build.0 = Release|Any CPU
	EndGlobalSection
EndGlobal
