
Microsoft Visual Studio Solution File, Format Version 12.00
Project("{FAE04EC0-301F-11D3-BF4B-00C04F79EFBC}") = "memory", "memory.csproj", "{A407E3C4-3019-48C5-A466-540A22B38F92}"
EndProject
Project("{2150E333-8FDC-42A3-9474-1A3956D46DE8}") = "Solution Items", "Solution Items", "{75B71CBE-BCFA-4BA5-A207-2D4F8698F93B}"
	ProjectSection(SolutionItems) = preProject
		compose.yaml = compose.yaml
	EndProjectSection
EndProject
Global
	GlobalSection(SolutionConfigurationPlatforms) = preSolution
		Debug|Any CPU = Debug|Any CPU
		Release|Any CPU = Release|Any CPU
	EndGlobalSection
	GlobalSection(ProjectConfigurationPlatforms) = postSolution
		{A407E3C4-3019-48C5-A466-540A22B38F92}.Debug|Any CPU.ActiveCfg = Debug|Any CPU
		{A407E3C4-3019-48C5-A466-540A22B38F92}.Debug|Any CPU.Build.0 = Debug|Any CPU
		{A407E3C4-3019-48C5-A466-540A22B38F92}.Release|Any CPU.ActiveCfg = Release|Any CPU
		{A407E3C4-3019-48C5-A466-540A22B38F92}.Release|Any CPU.Build.0 = Release|Any CPU
	EndGlobalSection
EndGlobal
